
Microsoft Visual Studio Solution File, Format Version 12.00
# Visual Studio Version 16
VisualStudioVersion = 16.0.30413.136
MinimumVisualStudioVersion = 10.0.40219.1
Project("{FAE04EC0-301F-11D3-BF4B-00C04F79EFBC}") = "SorteringsUppgift", "SorteringsUppgift\SorteringsUppgift.csproj", "{663724ED-29C2-43AF-AC9E-D764314534B0}"
EndProject
Global
	GlobalSection(SolutionConfigurationPlatforms) = preSolution
		Debug|Any CPU = Debug|Any CPU
		Release|Any CPU = Release|Any CPU
	EndGlobalSection
	GlobalSection(ProjectConfigurationPlatforms) = postSolution
		{663724ED-29C2-43AF-AC9E-D764314534B0}.Debug|Any CPU.ActiveCfg = Debug|Any CPU
		{663724ED-29C2-43AF-AC9E-D764314534B0}.Debug|Any CPU.Build.0 = Debug|Any CPU
		{663724ED-29C2-43AF-AC9E-D764314534B0}.Release|Any CPU.ActiveCfg = Release|Any CPU
		{663724ED-29C2-43AF-AC9E-D764314534B0}.Release|Any CPU.Build.0 = Release|Any CPU
	EndGlobalSection
	GlobalSection(SolutionProperties) = preSolution
		HideSolutionNode = FALSE
	EndGlobalSection
	GlobalSection(ExtensibilityGlobals) = postSolution
		SolutionGuid = {ABEF87DF-7BF2-4AD5-A1FF-6639D68EF738}
	EndGlobalSection
EndGlobal
